// !$*UTF8*$!
{
	archiveVersion = 1;
	classes = {
	};
	objectVersion = 56;
	objects = {

/* Begin PBXBuildFile section */
		F3DC38C8299837CD007D2B73 /* SynoptoApp.swift in Sources */ = {isa = PBXBuildFile; fileRef = F3DC38C7299837CD007D2B73 /* SynoptoApp.swift */; };
		F3DC38CC299837D0007D2B73 /* Assets.xcassets in Resources */ = {isa = PBXBuildFile; fileRef = F3DC38CB299837D0007D2B73 /* Assets.xcassets */; };
		F3DC38CF299837D0007D2B73 /* Preview Assets.xcassets in Resources */ = {isa = PBXBuildFile; fileRef = F3DC38CE299837D0007D2B73 /* Preview Assets.xcassets */; };
		F3DC38F1299853B0007D2B73 /* URLFondler.swift in Sources */ = {isa = PBXBuildFile; fileRef = F3DC38F0299853B0007D2B73 /* URLFondler.swift */; };
		F3DC38F5299853C4007D2B73 /* DefListDecoder.swift in Sources */ = {isa = PBXBuildFile; fileRef = F3DC38F4299853C4007D2B73 /* DefListDecoder.swift */; };
		F3DC38F8299853DE007D2B73 /* PortfolioView.swift in Sources */ = {isa = PBXBuildFile; fileRef = F3DC38F7299853DE007D2B73 /* PortfolioView.swift */; };
		F3DC38FA299853E9007D2B73 /* PortfolioModel.swift in Sources */ = {isa = PBXBuildFile; fileRef = F3DC38F9299853E9007D2B73 /* PortfolioModel.swift */; };
		F3DC38FC299853F5007D2B73 /* PortfolioView2.swift in Sources */ = {isa = PBXBuildFile; fileRef = F3DC38FB299853F5007D2B73 /* PortfolioView2.swift */; };
		F3DC38FF29985427007D2B73 /* QuestionView.swift in Sources */ = {isa = PBXBuildFile; fileRef = F3DC38FE29985427007D2B73 /* QuestionView.swift */; };
		F3DC390129985430007D2B73 /* QuestionModel.swift in Sources */ = {isa = PBXBuildFile; fileRef = F3DC390029985430007D2B73 /* QuestionModel.swift */; };
		F3DC39032998543C007D2B73 /* QuestionSpecificView.swift in Sources */ = {isa = PBXBuildFile; fileRef = F3DC39022998543C007D2B73 /* QuestionSpecificView.swift */; };
		F3DC390529985448007D2B73 /* QuestionSpecificModel.swift in Sources */ = {isa = PBXBuildFile; fileRef = F3DC390429985448007D2B73 /* QuestionSpecificModel.swift */; };
		F3DC390829985463007D2B73 /* ExistingSessionView.swift in Sources */ = {isa = PBXBuildFile; fileRef = F3DC390729985463007D2B73 /* ExistingSessionView.swift */; };
		F3DC390A29985470007D2B73 /* ExistingSessionModel.swift in Sources */ = {isa = PBXBuildFile; fileRef = F3DC390929985470007D2B73 /* ExistingSessionModel.swift */; };
		F3DC390C2998547C007D2B73 /* ViewSessionView.swift in Sources */ = {isa = PBXBuildFile; fileRef = F3DC390B2998547C007D2B73 /* ViewSessionView.swift */; };
		F3DC390E29985483007D2B73 /* ViewSessionModel.swift in Sources */ = {isa = PBXBuildFile; fileRef = F3DC390D29985483007D2B73 /* ViewSessionModel.swift */; };
		F3DC3911299854A2007D2B73 /* EditSessionView.swift in Sources */ = {isa = PBXBuildFile; fileRef = F3DC3910299854A2007D2B73 /* EditSessionView.swift */; };
		F3DC3913299854AD007D2B73 /* EditSessionModel.swift in Sources */ = {isa = PBXBuildFile; fileRef = F3DC3912299854AD007D2B73 /* EditSessionModel.swift */; };
		F3DC3916299854CC007D2B73 /* CreateSessionView.swift in Sources */ = {isa = PBXBuildFile; fileRef = F3DC3915299854CC007D2B73 /* CreateSessionView.swift */; };
		F3DC3918299854D5007D2B73 /* CreateSessionModel.swift in Sources */ = {isa = PBXBuildFile; fileRef = F3DC3917299854D5007D2B73 /* CreateSessionModel.swift */; };
		F3DC391A299854E1007D2B73 /* HomeView.swift in Sources */ = {isa = PBXBuildFile; fileRef = F3DC3919299854E1007D2B73 /* HomeView.swift */; };
		F3DC391C299855F9007D2B73 /* LocalStorage.swift in Sources */ = {isa = PBXBuildFile; fileRef = F3DC391B299855F9007D2B73 /* LocalStorage.swift */; };
/* End PBXBuildFile section */

/* Begin PBXFileReference section */
		F3DC38C4299837CD007D2B73 /* Synopto.app */ = {isa = PBXFileReference; explicitFileType = wrapper.application; includeInIndex = 0; path = Synopto.app; sourceTree = BUILT_PRODUCTS_DIR; };
		F3DC38C7299837CD007D2B73 /* SynoptoApp.swift */ = {isa = PBXFileReference; lastKnownFileType = sourcecode.swift; path = SynoptoApp.swift; sourceTree = "<group>"; };
		F3DC38CB299837D0007D2B73 /* Assets.xcassets */ = {isa = PBXFileReference; lastKnownFileType = folder.assetcatalog; path = Assets.xcassets; sourceTree = "<group>"; };
		F3DC38CE299837D0007D2B73 /* Preview Assets.xcassets */ = {isa = PBXFileReference; lastKnownFileType = folder.assetcatalog; path = "Preview Assets.xcassets"; sourceTree = "<group>"; };
		F3DC38F0299853B0007D2B73 /* URLFondler.swift */ = {isa = PBXFileReference; lastKnownFileType = sourcecode.swift; path = URLFondler.swift; sourceTree = "<group>"; };
		F3DC38F4299853C4007D2B73 /* DefListDecoder.swift */ = {isa = PBXFileReference; lastKnownFileType = sourcecode.swift; path = DefListDecoder.swift; sourceTree = "<group>"; };
		F3DC38F7299853DE007D2B73 /* PortfolioView.swift */ = {isa = PBXFileReference; lastKnownFileType = sourcecode.swift; path = PortfolioView.swift; sourceTree = "<group>"; };
		F3DC38F9299853E9007D2B73 /* PortfolioModel.swift */ = {isa = PBXFileReference; lastKnownFileType = sourcecode.swift; path = PortfolioModel.swift; sourceTree = "<group>"; };
		F3DC38FB299853F5007D2B73 /* PortfolioView2.swift */ = {isa = PBXFileReference; lastKnownFileType = sourcecode.swift; path = PortfolioView2.swift; sourceTree = "<group>"; };
		F3DC38FE29985427007D2B73 /* QuestionView.swift */ = {isa = PBXFileReference; lastKnownFileType = sourcecode.swift; path = QuestionView.swift; sourceTree = "<group>"; };
		F3DC390029985430007D2B73 /* QuestionModel.swift */ = {isa = PBXFileReference; lastKnownFileType = sourcecode.swift; path = QuestionModel.swift; sourceTree = "<group>"; };
		F3DC39022998543C007D2B73 /* QuestionSpecificView.swift */ = {isa = PBXFileReference; lastKnownFileType = sourcecode.swift; path = QuestionSpecificView.swift; sourceTree = "<group>"; };
		F3DC390429985448007D2B73 /* QuestionSpecificModel.swift */ = {isa = PBXFileReference; lastKnownFileType = sourcecode.swift; path = QuestionSpecificModel.swift; sourceTree = "<group>"; };
		F3DC390729985463007D2B73 /* ExistingSessionView.swift */ = {isa = PBXFileReference; lastKnownFileType = sourcecode.swift; path = ExistingSessionView.swift; sourceTree = "<group>"; };
		F3DC390929985470007D2B73 /* ExistingSessionModel.swift */ = {isa = PBXFileReference; lastKnownFileType = sourcecode.swift; path = ExistingSessionModel.swift; sourceTree = "<group>"; };
		F3DC390B2998547C007D2B73 /* ViewSessionView.swift */ = {isa = PBXFileReference; lastKnownFileType = sourcecode.swift; path = ViewSessionView.swift; sourceTree = "<group>"; };
		F3DC390D29985483007D2B73 /* ViewSessionModel.swift */ = {isa = PBXFileReference; lastKnownFileType = sourcecode.swift; path = ViewSessionModel.swift; sourceTree = "<group>"; };
		F3DC3910299854A2007D2B73 /* EditSessionView.swift */ = {isa = PBXFileReference; lastKnownFileType = sourcecode.swift; path = EditSessionView.swift; sourceTree = "<group>"; };
		F3DC3912299854AD007D2B73 /* EditSessionModel.swift */ = {isa = PBXFileReference; lastKnownFileType = sourcecode.swift; path = EditSessionModel.swift; sourceTree = "<group>"; };
		F3DC3915299854CC007D2B73 /* CreateSessionView.swift */ = {isa = PBXFileReference; lastKnownFileType = sourcecode.swift; path = CreateSessionView.swift; sourceTree = "<group>"; };
		F3DC3917299854D5007D2B73 /* CreateSessionModel.swift */ = {isa = PBXFileReference; lastKnownFileType = sourcecode.swift; path = CreateSessionModel.swift; sourceTree = "<group>"; };
		F3DC3919299854E1007D2B73 /* HomeView.swift */ = {isa = PBXFileReference; lastKnownFileType = sourcecode.swift; path = HomeView.swift; sourceTree = "<group>"; };
		F3DC391B299855F9007D2B73 /* LocalStorage.swift */ = {isa = PBXFileReference; lastKnownFileType = sourcecode.swift; path = LocalStorage.swift; sourceTree = "<group>"; };
/* End PBXFileReference section */

/* Begin PBXFrameworksBuildPhase section */
		F3DC38C1299837CD007D2B73 /* Frameworks */ = {
			isa = PBXFrameworksBuildPhase;
			buildActionMask = 2147483647;
			files = (
			);
			runOnlyForDeploymentPostprocessing = 0;
		};
/* End PBXFrameworksBuildPhase section */

/* Begin PBXGroup section */
		F3DC38BB299837CD007D2B73 = {
			isa = PBXGroup;
			children = (
				F3DC38C6299837CD007D2B73 /* Synopto */,
				F3DC38C5299837CD007D2B73 /* Products */,
			);
			sourceTree = "<group>";
		};
		F3DC38C5299837CD007D2B73 /* Products */ = {
			isa = PBXGroup;
			children = (
				F3DC38C4299837CD007D2B73 /* Synopto.app */,
			);
			name = Products;
			sourceTree = "<group>";
		};
		F3DC38C6299837CD007D2B73 /* Synopto */ = {
			isa = PBXGroup;
			children = (
				F3DC38C7299837CD007D2B73 /* SynoptoApp.swift */,
				F3DC3919299854E1007D2B73 /* HomeView.swift */,
				F3DC3914299854B4007D2B73 /* Create Session */,
				F3DC390F2998548A007D2B73 /* Edit Session */,
				F3DC39062998544E007D2B73 /* Existing Session */,
				F3DC38FD2998541B007D2B73 /* Question Answer */,
				F3DC38F6299853C9007D2B73 /* Portfolio */,
				F3DC38EF29985322007D2B73 /* Storage and FunctionsStorage and Functions */,
				F3DC38CB299837D0007D2B73 /* Assets.xcassets */,
				F3DC38CD299837D0007D2B73 /* Preview Content */,
			);
			path = Synopto;
			sourceTree = "<group>";
		};
		F3DC38CD299837D0007D2B73 /* Preview Content */ = {
			isa = PBXGroup;
			children = (
				F3DC38CE299837D0007D2B73 /* Preview Assets.xcassets */,
			);
			path = "Preview Content";
			sourceTree = "<group>";
		};
		F3DC38EF29985322007D2B73 /* Storage and FunctionsStorage and Functions */ = {
			isa = PBXGroup;
			children = (
				F3DC38F0299853B0007D2B73 /* URLFondler.swift */,
				F3DC38F4299853C4007D2B73 /* DefListDecoder.swift */,
				F3DC391B299855F9007D2B73 /* LocalStorage.swift */,
			);
			path = "Storage and FunctionsStorage and Functions";
			sourceTree = "<group>";
		};
		F3DC38F6299853C9007D2B73 /* Portfolio */ = {
			isa = PBXGroup;
			children = (
				F3DC38F7299853DE007D2B73 /* PortfolioView.swift */,
				F3DC38F9299853E9007D2B73 /* PortfolioModel.swift */,
				F3DC38FB299853F5007D2B73 /* PortfolioView2.swift */,
			);
			path = Portfolio;
			sourceTree = "<group>";
		};
		F3DC38FD2998541B007D2B73 /* Question Answer */ = {
			isa = PBXGroup;
			children = (
				F3DC38FE29985427007D2B73 /* QuestionView.swift */,
				F3DC390029985430007D2B73 /* QuestionModel.swift */,
				F3DC39022998543C007D2B73 /* QuestionSpecificView.swift */,
				F3DC390429985448007D2B73 /* QuestionSpecificModel.swift */,
			);
			path = "Question Answer";
			sourceTree = "<group>";
		};
		F3DC39062998544E007D2B73 /* Existing Session */ = {
			isa = PBXGroup;
			children = (
				F3DC390729985463007D2B73 /* ExistingSessionView.swift */,
				F3DC390929985470007D2B73 /* ExistingSessionModel.swift */,
				F3DC390B2998547C007D2B73 /* ViewSessionView.swift */,
				F3DC390D29985483007D2B73 /* ViewSessionModel.swift */,
			);
			path = "Existing Session";
			sourceTree = "<group>";
		};
		F3DC390F2998548A007D2B73 /* Edit Session */ = {
			isa = PBXGroup;
			children = (
				F3DC3910299854A2007D2B73 /* EditSessionView.swift */,
				F3DC3912299854AD007D2B73 /* EditSessionModel.swift */,
			);
			path = "Edit Session";
			sourceTree = "<group>";
		};
		F3DC3914299854B4007D2B73 /* Create Session */ = {
			isa = PBXGroup;
			children = (
				F3DC3915299854CC007D2B73 /* CreateSessionView.swift */,
				F3DC3917299854D5007D2B73 /* CreateSessionModel.swift */,
			);
			path = "Create Session";
			sourceTree = "<group>";
		};
/* End PBXGroup section */

/* Begin PBXNativeTarget section */
		F3DC38C3299837CD007D2B73 /* Synopto */ = {
			isa = PBXNativeTarget;
			buildConfigurationList = F3DC38D2299837D0007D2B73 /* Build configuration list for PBXNativeTarget "Synopto" */;
			buildPhases = (
				F3DC38C0299837CD007D2B73 /* Sources */,
				F3DC38C1299837CD007D2B73 /* Frameworks */,
				F3DC38C2299837CD007D2B73 /* Resources */,
			);
			buildRules = (
			);
			dependencies = (
			);
			name = Synopto;
			productName = Synopto;
			productReference = F3DC38C4299837CD007D2B73 /* Synopto.app */;
			productType = "com.apple.product-type.application";
		};
/* End PBXNativeTarget section */

/* Begin PBXProject section */
		F3DC38BC299837CD007D2B73 /* Project object */ = {
			isa = PBXProject;
			attributes = {
				BuildIndependentTargetsInParallel = 1;
				LastSwiftUpdateCheck = 1420;
				LastUpgradeCheck = 1420;
				TargetAttributes = {
					F3DC38C3299837CD007D2B73 = {
						CreatedOnToolsVersion = 14.2;
					};
				};
			};
			buildConfigurationList = F3DC38BF299837CD007D2B73 /* Build configuration list for PBXProject "Synopto" */;
			compatibilityVersion = "Xcode 14.0";
			developmentRegion = en;
			hasScannedForEncodings = 0;
			knownRegions = (
				en,
				Base,
			);
			mainGroup = F3DC38BB299837CD007D2B73;
			productRefGroup = F3DC38C5299837CD007D2B73 /* Products */;
			projectDirPath = "";
			projectRoot = "";
			targets = (
				F3DC38C3299837CD007D2B73 /* Synopto */,
			);
		};
/* End PBXProject section */

/* Begin PBXResourcesBuildPhase section */
		F3DC38C2299837CD007D2B73 /* Resources */ = {
			isa = PBXResourcesBuildPhase;
			buildActionMask = 2147483647;
			files = (
				F3DC38CF299837D0007D2B73 /* Preview Assets.xcassets in Resources */,
				F3DC38CC299837D0007D2B73 /* Assets.xcassets in Resources */,
			);
			runOnlyForDeploymentPostprocessing = 0;
		};
/* End PBXResourcesBuildPhase section */

/* Begin PBXSourcesBuildPhase section */
		F3DC38C0299837CD007D2B73 /* Sources */ = {
			isa = PBXSourcesBuildPhase;
			buildActionMask = 2147483647;
			files = (
				F3DC38FF29985427007D2B73 /* QuestionView.swift in Sources */,
				F3DC391C299855F9007D2B73 /* LocalStorage.swift in Sources */,
				F3DC38FA299853E9007D2B73 /* PortfolioModel.swift in Sources */,
				F3DC390C2998547C007D2B73 /* ViewSessionView.swift in Sources */,
				F3DC3918299854D5007D2B73 /* CreateSessionModel.swift in Sources */,
				F3DC390829985463007D2B73 /* ExistingSessionView.swift in Sources */,
				F3DC390E29985483007D2B73 /* ViewSessionModel.swift in Sources */,
				F3DC3916299854CC007D2B73 /* CreateSessionView.swift in Sources */,
				F3DC3911299854A2007D2B73 /* EditSessionView.swift in Sources */,
				F3DC38F5299853C4007D2B73 /* DefListDecoder.swift in Sources */,
				F3DC390529985448007D2B73 /* QuestionSpecificModel.swift in Sources */,
				F3DC38F8299853DE007D2B73 /* PortfolioView.swift in Sources */,
				F3DC39032998543C007D2B73 /* QuestionSpecificView.swift in Sources */,
				F3DC38F1299853B0007D2B73 /* URLFondler.swift in Sources */,
				F3DC391A299854E1007D2B73 /* HomeView.swift in Sources */,
				F3DC3913299854AD007D2B73 /* EditSessionModel.swift in Sources */,
				F3DC390129985430007D2B73 /* QuestionModel.swift in Sources */,
				F3DC390A29985470007D2B73 /* ExistingSessionModel.swift in Sources */,
				F3DC38C8299837CD007D2B73 /* SynoptoApp.swift in Sources */,
				F3DC38FC299853F5007D2B73 /* PortfolioView2.swift in Sources */,
			);
			runOnlyForDeploymentPostprocessing = 0;
		};
/* End PBXSourcesBuildPhase section */

/* Begin XCBuildConfiguration section */
		F3DC38D0299837D0007D2B73 /* Debug */ = {
			isa = XCBuildConfiguration;
			buildSettings = {
				ALWAYS_SEARCH_USER_PATHS = NO;
				CLANG_ANALYZER_NONNULL = YES;
				CLANG_ANALYZER_NUMBER_OBJECT_CONVERSION = YES_AGGRESSIVE;
				CLANG_CXX_LANGUAGE_STANDARD = "gnu++20";
				CLANG_ENABLE_MODULES = YES;
				CLANG_ENABLE_OBJC_ARC = YES;
				CLANG_ENABLE_OBJC_WEAK = YES;
				CLANG_WARN_BLOCK_CAPTURE_AUTORELEASING = YES;
				CLANG_WARN_BOOL_CONVERSION = YES;
				CLANG_WARN_COMMA = YES;
				CLANG_WARN_CONSTANT_CONVERSION = YES;
				CLANG_WARN_DEPRECATED_OBJC_IMPLEMENTATIONS = YES;
				CLANG_WARN_DIRECT_OBJC_ISA_USAGE = YES_ERROR;
				CLANG_WARN_DOCUMENTATION_COMMENTS = YES;
				CLANG_WARN_EMPTY_BODY = YES;
				CLANG_WARN_ENUM_CONVERSION = YES;
				CLANG_WARN_INFINITE_RECURSION = YES;
				CLANG_WARN_INT_CONVERSION = YES;
				CLANG_WARN_NON_LITERAL_NULL_CONVERSION = YES;
				CLANG_WARN_OBJC_IMPLICIT_RETAIN_SELF = YES;
				CLANG_WARN_OBJC_LITERAL_CONVERSION = YES;
				CLANG_WARN_OBJC_ROOT_CLASS = YES_ERROR;
				CLANG_WARN_QUOTED_INCLUDE_IN_FRAMEWORK_HEADER = YES;
				CLANG_WARN_RANGE_LOOP_ANALYSIS = YES;
				CLANG_WARN_STRICT_PROTOTYPES = YES;
				CLANG_WARN_SUSPICIOUS_MOVE = YES;
				CLANG_WARN_UNGUARDED_AVAILABILITY = YES_AGGRESSIVE;
				CLANG_WARN_UNREACHABLE_CODE = YES;
				CLANG_WARN__DUPLICATE_METHOD_MATCH = YES;
				COPY_PHASE_STRIP = NO;
				DEBUG_INFORMATION_FORMAT = dwarf;
				ENABLE_STRICT_OBJC_MSGSEND = YES;
				ENABLE_TESTABILITY = YES;
				GCC_C_LANGUAGE_STANDARD = gnu11;
				GCC_DYNAMIC_NO_PIC = NO;
				GCC_NO_COMMON_BLOCKS = YES;
				GCC_OPTIMIZATION_LEVEL = 0;
				GCC_PREPROCESSOR_DEFINITIONS = (
					"DEBUG=1",
					"$(inherited)",
				);
				GCC_WARN_64_TO_32_BIT_CONVERSION = YES;
				GCC_WARN_ABOUT_RETURN_TYPE = YES_ERROR;
				GCC_WARN_UNDECLARED_SELECTOR = YES;
				GCC_WARN_UNINITIALIZED_AUTOS = YES_AGGRESSIVE;
				GCC_WARN_UNUSED_FUNCTION = YES;
				GCC_WARN_UNUSED_VARIABLE = YES;
				IPHONEOS_DEPLOYMENT_TARGET = 16.2;
				MTL_ENABLE_DEBUG_INFO = INCLUDE_SOURCE;
				MTL_FAST_MATH = YES;
				ONLY_ACTIVE_ARCH = YES;
				SDKROOT = iphoneos;
				SWIFT_ACTIVE_COMPILATION_CONDITIONS = DEBUG;
				SWIFT_OPTIMIZATION_LEVEL = "-Onone";
			};
			name = Debug;
		};
		F3DC38D1299837D0007D2B73 /* Release */ = {
			isa = XCBuildConfiguration;
			buildSettings = {
				ALWAYS_SEARCH_USER_PATHS = NO;
				CLANG_ANALYZER_NONNULL = YES;
				CLANG_ANALYZER_NUMBER_OBJECT_CONVERSION = YES_AGGRESSIVE;
				CLANG_CXX_LANGUAGE_STANDARD = "gnu++20";
				CLANG_ENABLE_MODULES = YES;
				CLANG_ENABLE_OBJC_ARC = YES;
				CLANG_ENABLE_OBJC_WEAK = YES;
				CLANG_WARN_BLOCK_CAPTURE_AUTORELEASING = YES;
				CLANG_WARN_BOOL_CONVERSION = YES;
				CLANG_WARN_COMMA = YES;
				CLANG_WARN_CONSTANT_CONVERSION = YES;
				CLANG_WARN_DEPRECATED_OBJC_IMPLEMENTATIONS = YES;
				CLANG_WARN_DIRECT_OBJC_ISA_USAGE = YES_ERROR;
				CLANG_WARN_DOCUMENTATION_COMMENTS = YES;
				CLANG_WARN_EMPTY_BODY = YES;
				CLANG_WARN_ENUM_CONVERSION = YES;
				CLANG_WARN_INFINITE_RECURSION = YES;
				CLANG_WARN_INT_CONVERSION = YES;
				CLANG_WARN_NON_LITERAL_NULL_CONVERSION = YES;
				CLANG_WARN_OBJC_IMPLICIT_RETAIN_SELF = YES;
				CLANG_WARN_OBJC_LITERAL_CONVERSION = YES;
				CLANG_WARN_OBJC_ROOT_CLASS = YES_ERROR;
				CLANG_WARN_QUOTED_INCLUDE_IN_FRAMEWORK_HEADER = YES;
				CLANG_WARN_RANGE_LOOP_ANALYSIS = YES;
				CLANG_WARN_STRICT_PROTOTYPES = YES;
				CLANG_WARN_SUSPICIOUS_MOVE = YES;
				CLANG_WARN_UNGUARDED_AVAILABILITY = YES_AGGRESSIVE;
				CLANG_WARN_UNREACHABLE_CODE = YES;
				CLANG_WARN__DUPLICATE_METHOD_MATCH = YES;
				COPY_PHASE_STRIP = NO;
				DEBUG_INFORMATION_FORMAT = "dwarf-with-dsym";
				ENABLE_NS_ASSERTIONS = NO;
				ENABLE_STRICT_OBJC_MSGSEND = YES;
				GCC_C_LANGUAGE_STANDARD = gnu11;
				GCC_NO_COMMON_BLOCKS = YES;
				GCC_WARN_64_TO_32_BIT_CONVERSION = YES;
				GCC_WARN_ABOUT_RETURN_TYPE = YES_ERROR;
				GCC_WARN_UNDECLARED_SELECTOR = YES;
				GCC_WARN_UNINITIALIZED_AUTOS = YES_AGGRESSIVE;
				GCC_WARN_UNUSED_FUNCTION = YES;
				GCC_WARN_UNUSED_VARIABLE = YES;
				IPHONEOS_DEPLOYMENT_TARGET = 16.2;
				MTL_ENABLE_DEBUG_INFO = NO;
				MTL_FAST_MATH = YES;
				SDKROOT = iphoneos;
				SWIFT_COMPILATION_MODE = wholemodule;
				SWIFT_OPTIMIZATION_LEVEL = "-O";
				VALIDATE_PRODUCT = YES;
			};
			name = Release;
		};
		F3DC38D3299837D0007D2B73 /* Debug */ = {
			isa = XCBuildConfiguration;
			buildSettings = {
				ASSETCATALOG_COMPILER_APPICON_NAME = AppIcon;
				ASSETCATALOG_COMPILER_GLOBAL_ACCENT_COLOR_NAME = AccentColor;
				CODE_SIGN_STYLE = Automatic;
				CURRENT_PROJECT_VERSION = 1;
				DEVELOPMENT_ASSET_PATHS = "\"Synopto/Preview Content\"";
				DEVELOPMENT_TEAM = Z3BPYU7FG3;
				ENABLE_PREVIEWS = YES;
				GENERATE_INFOPLIST_FILE = YES;
				INFOPLIST_KEY_UIApplicationSceneManifest_Generation = YES;
				INFOPLIST_KEY_UIApplicationSupportsIndirectInputEvents = YES;
				INFOPLIST_KEY_UILaunchScreen_Generation = YES;
				INFOPLIST_KEY_UISupportedInterfaceOrientations_iPad = "UIInterfaceOrientationPortrait UIInterfaceOrientationPortraitUpsideDown UIInterfaceOrientationLandscapeLeft UIInterfaceOrientationLandscapeRight";
				INFOPLIST_KEY_UISupportedInterfaceOrientations_iPhone = "UIInterfaceOrientationPortrait UIInterfaceOrientationLandscapeLeft UIInterfaceOrientationLandscapeRight";
				LD_RUNPATH_SEARCH_PATHS = (
					"$(inherited)",
					"@executable_path/Frameworks",
				);
				MARKETING_VERSION = 1.0;
				PRODUCT_BUNDLE_IDENTIFIER = com.MaxPintchouk.FuckTest3.Synopto;
				PRODUCT_NAME = "$(TARGET_NAME)";
				SWIFT_EMIT_LOC_STRINGS = YES;
				SWIFT_VERSION = 5.0;
				TARGETED_DEVICE_FAMILY = "1,2";
			};
			name = Debug;
		};
		F3DC38D4299837D0007D2B73 /* Release */ = {
			isa = XCBuildConfiguration;
			buildSettings = {
				ASSETCATALOG_COMPILER_APPICON_NAME = AppIcon;
				ASSETCATALOG_COMPILER_GLOBAL_ACCENT_COLOR_NAME = AccentColor;
				CODE_SIGN_STYLE = Automatic;
				CURRENT_PROJECT_VERSION = 1;
				DEVELOPMENT_ASSET_PATHS = "\"Synopto/Preview Content\"";
				DEVELOPMENT_TEAM = Z3BPYU7FG3;
				ENABLE_PREVIEWS = YES;
				GENERATE_INFOPLIST_FILE = YES;
				INFOPLIST_KEY_UIApplicationSceneManifest_Generation = YES;
				INFOPLIST_KEY_UIApplicationSupportsIndirectInputEvents = YES;
				INFOPLIST_KEY_UILaunchScreen_Generation = YES;
				INFOPLIST_KEY_UISupportedInterfaceOrientations_iPad = "UIInterfaceOrientationPortrait UIInterfaceOrientationPortraitUpsideDown UIInterfaceOrientationLandscapeLeft UIInterfaceOrientationLandscapeRight";
				INFOPLIST_KEY_UISupportedInterfaceOrientations_iPhone = "UIInterfaceOrientationPortrait UIInterfaceOrientationLandscapeLeft UIInterfaceOrientationLandscapeRight";
				LD_RUNPATH_SEARCH_PATHS = (
					"$(inherited)",
					"@executable_path/Frameworks",
				);
				MARKETING_VERSION = 1.0;
				PRODUCT_BUNDLE_IDENTIFIER = com.MaxPintchouk.FuckTest3.Synopto;
				PRODUCT_NAME = "$(TARGET_NAME)";
				SWIFT_EMIT_LOC_STRINGS = YES;
				SWIFT_VERSION = 5.0;
				TARGETED_DEVICE_FAMILY = "1,2";
			};
			name = Release;
		};
/* End XCBuildConfiguration section */

/* Begin XCConfigurationList section */
		F3DC38BF299837CD007D2B73 /* Build configuration list for PBXProject "Synopto" */ = {
			isa = XCConfigurationList;
			buildConfigurations = (
				F3DC38D0299837D0007D2B73 /* Debug */,
				F3DC38D1299837D0007D2B73 /* Release */,
			);
			defaultConfigurationIsVisible = 0;
			defaultConfigurationName = Release;
		};
		F3DC38D2299837D0007D2B73 /* Build configuration list for PBXNativeTarget "Synopto" */ = {
			isa = XCConfigurationList;
			buildConfigurations = (
				F3DC38D3299837D0007D2B73 /* Debug */,
				F3DC38D4299837D0007D2B73 /* Release */,
			);
			defaultConfigurationIsVisible = 0;
			defaultConfigurationName = Release;
		};
/* End XCConfigurationList section */
	};
	rootObject = F3DC38BC299837CD007D2B73 /* Project object */;
}
